
Microsoft Visual Studio Solution File, Format Version 12.00
# Visual Studio 14
VisualStudioVersion = 14.0.25420.1
MinimumVisualStudioVersion = 10.0.40219.1
Project("{FAE04EC0-301F-11D3-BF4B-00C04F79EFBC}") = "FSMS.UI", "FSMS.UI\FSMS.UI.csproj", "{96407824-168B-4D84-81FF-033E422ACC96}"
EndProject
Project("{FAE04EC0-301F-11D3-BF4B-00C04F79EFBC}") = "FSMS.Domain", "FSMS.Domain\FSMS.Domain.csproj", "{5B857075-F341-431A-9DE1-81BE549A5E6F}"
EndProject
Project("{FAE04EC0-301F-11D3-BF4B-00C04F79EFBC}") = "FSMS.Data", "FSMS.Data\FSMS.Data.csproj", "{37CA4D63-0914-418C-930B-B25B384F1AE0}"
EndProject
Project("{FAE04EC0-301F-11D3-BF4B-00C04F79EFBC}") = "FSMS.Repository", "FSMS.Repository\FSMS.Repository.csproj", "{3B8118A4-8917-493B-9100-840CA2B981D2}"
EndProject
Project("{FAE04EC0-301F-11D3-BF4B-00C04F79EFBC}") = "FSMS.Common", "FSMS.Common\FSMS.Common.csproj", "{FB22D6F7-9B5C-4A10-B05A-5642C59F3682}"
EndProject
Project("{FAE04EC0-301F-11D3-BF4B-00C04F79EFBC}") = "FSMS.Crypto", "FSMS.Crypto\FSMS.Crypto.csproj", "{9079FCED-2D34-422B-A9BD-5EAE67C65BA9}"
EndProject
Global
	GlobalSection(SolutionConfigurationPlatforms) = preSolution
		Debug|Any CPU = Debug|Any CPU
		Release|Any CPU = Release|Any CPU
	EndGlobalSection
	GlobalSection(ProjectConfigurationPlatforms) = postSolution
		{96407824-168B-4D84-81FF-033E422ACC96}.Debug|Any CPU.ActiveCfg = Debug|Any CPU
		{96407824-168B-4D84-81FF-033E422ACC96}.Debug|Any CPU.Build.0 = Debug|Any CPU
		{96407824-168B-4D84-81FF-033E422ACC96}.Release|Any CPU.ActiveCfg = Release|Any CPU
		{96407824-168B-4D84-81FF-033E422ACC96}.Release|Any CPU.Build.0 = Release|Any CPU
		{5B857075-F341-431A-9DE1-81BE549A5E6F}.Debug|Any CPU.ActiveCfg = Debug|Any CPU
		{5B857075-F341-431A-9DE1-81BE549A5E6F}.Debug|Any CPU.Build.0 = Debug|Any CPU
		{5B857075-F341-431A-9DE1-81BE549A5E6F}.Release|Any CPU.ActiveCfg = Release|Any CPU
		{5B857075-F341-431A-9DE1-81BE549A5E6F}.Release|Any CPU.Build.0 = Release|Any CPU
		{37CA4D63-0914-418C-930B-B25B384F1AE0}.Debug|Any CPU.ActiveCfg = Debug|Any CPU
		{37CA4D63-0914-418C-930B-B25B384F1AE0}.Debug|Any CPU.Build.0 = Debug|Any CPU
		{37CA4D63-0914-418C-930B-B25B384F1AE0}.Release|Any CPU.ActiveCfg = Release|Any CPU
		{37CA4D63-0914-418C-930B-B25B384F1AE0}.Release|Any CPU.Build.0 = Release|Any CPU
		{3B8118A4-8917-493B-9100-840CA2B981D2}.Debug|Any CPU.ActiveCfg = Debug|Any CPU
		{3B8118A4-8917-493B-9100-840CA2B981D2}.Debug|Any CPU.Build.0 = Debug|Any CPU
		{3B8118A4-8917-493B-9100-840CA2B981D2}.Release|Any CPU.ActiveCfg = Release|Any CPU
		{3B8118A4-8917-493B-9100-840CA2B981D2}.Release|Any CPU.Build.0 = Release|Any CPU
		{FB22D6F7-9B5C-4A10-B05A-5642C59F3682}.Debug|Any CPU.ActiveCfg = Debug|Any CPU
		{FB22D6F7-9B5C-4A10-B05A-5642C59F3682}.Debug|Any CPU.Build.0 = Debug|Any CPU
		{FB22D6F7-9B5C-4A10-B05A-5642C59F3682}.Release|Any CPU.ActiveCfg = Release|Any CPU
		{FB22D6F7-9B5C-4A10-B05A-5642C59F3682}.Release|Any CPU.Build.0 = Release|Any CPU
		{9079FCED-2D34-422B-A9BD-5EAE67C65BA9}.Debug|Any CPU.ActiveCfg = Debug|Any CPU
		{9079FCED-2D34-422B-A9BD-5EAE67C65BA9}.Debug|Any CPU.Build.0 = Debug|Any CPU
		{9079FCED-2D34-422B-A9BD-5EAE67C65BA9}.Release|Any CPU.ActiveCfg = Release|Any CPU
		{9079FCED-2D34-422B-A9BD-5EAE67C65BA9}.Release|Any CPU.Build.0 = Release|Any CPU
	EndGlobalSection
	GlobalSection(SolutionProperties) = preSolution
		HideSolutionNode = FALSE
	EndGlobalSection
EndGlobal
